
Microsoft Visual Studio Solution File, Format Version 12.00
# Visual Studio Version 17
VisualStudioVersion = 17.5.002.0
MinimumVisualStudioVersion = 10.0.40219.1
Project("{9A19103F-16F7-4668-BE54-9A1E7A4F7556}") = "Etl", "Etl.csproj", "{0FCF4BC5-B6F0-468B-8983-D48665136354}"
EndProject
Global
	GlobalSection(SolutionConfigurationPlatforms) = preSolution
		Debug|Any CPU = Debug|Any CPU
		Release|Any CPU = Release|Any CPU
	EndGlobalSection
	GlobalSection(ProjectConfigurationPlatforms) = postSolution
		{0FCF4BC5-B6F0-468B-8983-D48665136354}.Debug|Any CPU.ActiveCfg = Debug|Any CPU
		{0FCF4BC5-B6F0-468B-8983-D48665136354}.Debug|Any CPU.Build.0 = Debug|Any CPU
		{0FCF4BC5-B6F0-468B-8983-D48665136354}.Release|Any CPU.ActiveCfg = Release|Any CPU
		{0FCF4BC5-B6F0-468B-8983-D48665136354}.Release|Any CPU.Build.0 = Release|Any CPU
	EndGlobalSection
	GlobalSection(SolutionProperties) = preSolution
		HideSolutionNode = FALSE
	EndGlobalSection
	GlobalSection(ExtensibilityGlobals) = postSolution
		SolutionGuid = {037C1E74-04AB-43AC-85F4-4F3C6C9E5BCD}
	EndGlobalSection
EndGlobal
