
Microsoft Visual Studio Solution File, Format Version 12.00
# Visual Studio Version 17
VisualStudioVersion = 17.5.002.0
MinimumVisualStudioVersion = 10.0.40219.1
Project("{9A19103F-16F7-4668-BE54-9A1E7A4F7556}") = "WeighingMachine", "WeighingMachine.csproj", "{A2B4B3E7-7A45-478B-8B05-C4E4110B5F7F}"
EndProject
Global
	GlobalSection(SolutionConfigurationPlatforms) = preSolution
		Debug|Any CPU = Debug|Any CPU
		Release|Any CPU = Release|Any CPU
	EndGlobalSection
	GlobalSection(ProjectConfigurationPlatforms) = postSolution
		{A2B4B3E7-7A45-478B-8B05-C4E4110B5F7F}.Debug|Any CPU.ActiveCfg = Debug|Any CPU
		{A2B4B3E7-7A45-478B-8B05-C4E4110B5F7F}.Debug|Any CPU.Build.0 = Debug|Any CPU
		{A2B4B3E7-7A45-478B-8B05-C4E4110B5F7F}.Release|Any CPU.ActiveCfg = Release|Any CPU
		{A2B4B3E7-7A45-478B-8B05-C4E4110B5F7F}.Release|Any CPU.Build.0 = Release|Any CPU
	EndGlobalSection
	GlobalSection(SolutionProperties) = preSolution
		HideSolutionNode = FALSE
	EndGlobalSection
	GlobalSection(ExtensibilityGlobals) = postSolution
		SolutionGuid = {56383AD4-1C4E-4A0F-AB53-27B0D80C25B5}
	EndGlobalSection
EndGlobal
