
Microsoft Visual Studio Solution File, Format Version 12.00
# Visual Studio Version 17
VisualStudioVersion = 17.5.002.0
MinimumVisualStudioVersion = 10.0.40219.1
Project("{9A19103F-16F7-4668-BE54-9A1E7A4F7556}") = "FootballMatchReports", "FootballMatchReports.csproj", "{77BD7295-0946-4052-B137-0AB454C15BD1}"
EndProject
Global
	GlobalSection(SolutionConfigurationPlatforms) = preSolution
		Debug|Any CPU = Debug|Any CPU
		Release|Any CPU = Release|Any CPU
	EndGlobalSection
	GlobalSection(ProjectConfigurationPlatforms) = postSolution
		{77BD7295-0946-4052-B137-0AB454C15BD1}.Debug|Any CPU.ActiveCfg = Debug|Any CPU
		{77BD7295-0946-4052-B137-0AB454C15BD1}.Debug|Any CPU.Build.0 = Debug|Any CPU
		{77BD7295-0946-4052-B137-0AB454C15BD1}.Release|Any CPU.ActiveCfg = Release|Any CPU
		{77BD7295-0946-4052-B137-0AB454C15BD1}.Release|Any CPU.Build.0 = Release|Any CPU
	EndGlobalSection
	GlobalSection(SolutionProperties) = preSolution
		HideSolutionNode = FALSE
	EndGlobalSection
	GlobalSection(ExtensibilityGlobals) = postSolution
		SolutionGuid = {F93CE8B8-6766-4DF5-8AAF-6F683525ED46}
	EndGlobalSection
EndGlobal
