
Microsoft Visual Studio Solution File, Format Version 12.00
# Visual Studio Version 17
VisualStudioVersion = 17.11.35312.102
MinimumVisualStudioVersion = 10.0.40219.1
Project("{9A19103F-16F7-4668-BE54-9A1E7A4F7556}") = "ScrabbleScore", "ScrabbleScore.csproj", "{BFF45302-3B6A-46E2-8C5E-B5EBD863FE28}"
EndProject
Global
	GlobalSection(SolutionConfigurationPlatforms) = preSolution
		Debug|Any CPU = Debug|Any CPU
		Release|Any CPU = Release|Any CPU
	EndGlobalSection
	GlobalSection(ProjectConfigurationPlatforms) = postSolution
		{BFF45302-3B6A-46E2-8C5E-B5EBD863FE28}.Debug|Any CPU.ActiveCfg = Debug|Any CPU
		{BFF45302-3B6A-46E2-8C5E-B5EBD863FE28}.Debug|Any CPU.Build.0 = Debug|Any CPU
		{BFF45302-3B6A-46E2-8C5E-B5EBD863FE28}.Release|Any CPU.ActiveCfg = Release|Any CPU
		{BFF45302-3B6A-46E2-8C5E-B5EBD863FE28}.Release|Any CPU.Build.0 = Release|Any CPU
	EndGlobalSection
	GlobalSection(SolutionProperties) = preSolution
		HideSolutionNode = FALSE
	EndGlobalSection
	GlobalSection(ExtensibilityGlobals) = postSolution
		SolutionGuid = {EAC302D7-681D-49D2-8E0B-42C7725FA17E}
	EndGlobalSection
EndGlobal
