
Microsoft Visual Studio Solution File, Format Version 12.00
# Visual Studio Version 17
VisualStudioVersion = 17.5.002.0
MinimumVisualStudioVersion = 10.0.40219.1
Project("{9A19103F-16F7-4668-BE54-9A1E7A4F7556}") = "WizardsAndWarriors2", "WizardsAndWarriors2.csproj", "{7AD447A5-1008-4021-8A99-702DEA125E55}"
EndProject
Global
	GlobalSection(SolutionConfigurationPlatforms) = preSolution
		Debug|Any CPU = Debug|Any CPU
		Release|Any CPU = Release|Any CPU
	EndGlobalSection
	GlobalSection(ProjectConfigurationPlatforms) = postSolution
		{7AD447A5-1008-4021-8A99-702DEA125E55}.Debug|Any CPU.ActiveCfg = Debug|Any CPU
		{7AD447A5-1008-4021-8A99-702DEA125E55}.Debug|Any CPU.Build.0 = Debug|Any CPU
		{7AD447A5-1008-4021-8A99-702DEA125E55}.Release|Any CPU.ActiveCfg = Release|Any CPU
		{7AD447A5-1008-4021-8A99-702DEA125E55}.Release|Any CPU.Build.0 = Release|Any CPU
	EndGlobalSection
	GlobalSection(SolutionProperties) = preSolution
		HideSolutionNode = FALSE
	EndGlobalSection
	GlobalSection(ExtensibilityGlobals) = postSolution
		SolutionGuid = {3DFC4EFD-04A0-4ED0-A5B1-3084FD6160FE}
	EndGlobalSection
EndGlobal
